
Microsoft Visual Studio Solution File, Format Version 12.00
# Visual Studio Version 17
VisualStudioVersion = 17.7.34024.191
MinimumVisualStudioVersion = 10.0.40219.1
Project("{888888A0-9F3D-457C-B088-3A5042F75D52}") = "1파이썬", "1파이썬\1파이썬.pyproj", "{03EE9616-850F-4806-BC4B-EC3A9B99BDEA}"
EndProject
Global
	GlobalSection(SolutionConfigurationPlatforms) = preSolution
		Debug|Any CPU = Debug|Any CPU
		Release|Any CPU = Release|Any CPU
	EndGlobalSection
	GlobalSection(ProjectConfigurationPlatforms) = postSolution
		{03EE9616-850F-4806-BC4B-EC3A9B99BDEA}.Debug|Any CPU.ActiveCfg = Debug|Any CPU
		{03EE9616-850F-4806-BC4B-EC3A9B99BDEA}.Release|Any CPU.ActiveCfg = Release|Any CPU
	EndGlobalSection
	GlobalSection(SolutionProperties) = preSolution
		HideSolutionNode = FALSE
	EndGlobalSection
	GlobalSection(ExtensibilityGlobals) = postSolution
		SolutionGuid = {24AC68E5-9F0A-43D4-BDF0-67CFAC9E4FB0}
	EndGlobalSection
EndGlobal
